schema: '2.0'
stages:
  pca:
    cmd: python src/pca.py
    deps:
    - path: data/winequalityN.csv
      hash: md5
      md5: d1088fe0cd8f22710ec202dcf4d9ba97
      size: 390376
    - path: src/config.py
      hash: md5
      md5: 809f67d4a87be480d76e7ff4c77dbbb4
      size: 216
    - path: src/pca.py
      hash: md5
      md5: 55753675c4fcbeaf682dfd89d97dcc21
      size: 2674
    params:
      params.yaml:
        pca:
          k_red: 8
          k_white: 8
          test_size: 0.2
    outs:
    - path: data/red_pca_x.csv
      hash: md5
      md5: 389dc1c4f8f137325202996debfb17fa
      size: 259764
    - path: data/red_pca_y.csv
      hash: md5
      md5: ef3f3cdb831c4ca3908882ae83c13518
      size: 16578
    - path: data/white_pca_x.csv
      hash: md5
      md5: 3b7323559fe9b29603de7f82d5474c46
      size: 793504
    - path: data/white_pca_y.csv
      hash: md5
      md5: bd76ad2dff0e8469e07a80cac1165dc9
      size: 53362
  sgd_classifier:
    cmd: python src/sgd_classifier.py
    deps:
    - path: data/red_pca_x.csv
      hash: md5
      md5: 389dc1c4f8f137325202996debfb17fa
      size: 259764
    - path: data/red_pca_y.csv
      hash: md5
      md5: ef3f3cdb831c4ca3908882ae83c13518
      size: 16578
    - path: data/white_pca_x.csv
      hash: md5
      md5: 3b7323559fe9b29603de7f82d5474c46
      size: 793504
    - path: data/white_pca_y.csv
      hash: md5
      md5: bd76ad2dff0e8469e07a80cac1165dc9
      size: 53362
    params:
      params.yaml:
        sgd_classifier:
          loss: log_loss
          alpha: 0.001
          penalty: l2
          max_iter: 1500
          test_size: 0.2
    outs:
    - path: plots/confusion_red.png
      hash: md5
      md5: c177424d49cc0b53e84de486c3b7144f
      size: 26212
    - path: plots/confusion_white.png
      hash: md5
      md5: b4a7bbae995975f6c52f6674fa0256fd
      size: 28198
